PODS:
  - Charts (3.2.1):
    - Charts/Core (= 3.2.1)
  - Charts/Core (3.2.1)
  - Highlighter (1.2.0)

DEPENDENCIES:
  - Charts
  - Highlighter

SPEC REPOS:
  https://github.com/cocoapods/specs.git:
    - Charts
    - Highlighter

SPEC CHECKSUMS:
  Charts: f122fb70b19847fa5817d018b77d6c5a2296ab25
  Highlighter: 60c180dcffaeca3cadcb7a353f9d19345a59ea3f

PODFILE CHECKSUM: 2180bff700aa1572806b54bb646f6e2b5dd80dd0

COCOAPODS: 1.5.3
