// !$*UTF8*$!
{
	archiveVersion = 1;
	classes = {
	};
	objectVersion = 50;
	objects = {

/* Begin PBXBuildFile section */
		66605DEA03356B119F68385B /* Pods_shanghanlun.framework in Frameworks */ = {isa = PBXBuildFile; fileRef = 863FEE1E1C34B936D55071C6 /* Pods_shanghanlun.framework */; };
		830C150B2234EBEA00AFAF36 /* test1.json in Resources */ = {isa = PBXBuildFile; fileRef = 830C150A2234EBEA00AFAF36 /* test1.json */; };
		8310AC54221E257D008BF23E /* SH_yao_1.json in Resources */ = {isa = PBXBuildFile; fileRef = 8310AC53221E257D008BF23E /* SH_yao_1.json */; };
		8310AC57221F7910008BF23E /* ChartFuncs.swift in Sources */ = {isa = PBXBuildFile; fileRef = 8310AC56221F7910008BF23E /* ChartFuncs.swift */; };
		8310AC59221F83E6008BF23E /* ChartCell.swift in Sources */ = {isa = PBXBuildFile; fileRef = 8310AC58221F83E6008BF23E /* ChartCell.swift */; };
		8310AC5B2224E3DD008BF23E /* SearchFooter.swift in Sources */ = {isa = PBXBuildFile; fileRef = 8310AC5A2224E3DD008BF23E /* SearchFooter.swift */; };
		8310AC5D22251E80008BF23E /* Test_zheng_con.swift in Sources */ = {isa = PBXBuildFile; fileRef = 8310AC5C22251E80008BF23E /* Test_zheng_con.swift */; };
		8310AC6122252854008BF23E /* zhengCell.swift in Sources */ = {isa = PBXBuildFile; fileRef = 8310AC6022252854008BF23E /* zhengCell.swift */; };
		8310AC6322253143008BF23E /* zhengMatchYaoView.swift in Sources */ = {isa = PBXBuildFile; fileRef = 8310AC6222253143008BF23E /* zhengMatchYaoView.swift */; };
		8310AC6622261F39008BF23E /* fangAndYuanwen.swift in Sources */ = {isa = PBXBuildFile; fileRef = 8310AC6522261F39008BF23E /* fangAndYuanwen.swift */; };
		8310AC6B22263053008BF23E /* MenuCell.swift in Sources */ = {isa = PBXBuildFile; fileRef = 8310AC6922263053008BF23E /* MenuCell.swift */; };
		8310AC6C22263053008BF23E /* MenuController.swift in Sources */ = {isa = PBXBuildFile; fileRef = 8310AC6A22263053008BF23E /* MenuController.swift */; };
		8310AC7122263067008BF23E /* NewsItemsController.swift in Sources */ = {isa = PBXBuildFile; fileRef = 8310AC6E22263067008BF23E /* NewsItemsController.swift */; };
		8310AC7222263067008BF23E /* SwipingController.swift in Sources */ = {isa = PBXBuildFile; fileRef = 8310AC6F22263067008BF23E /* SwipingController.swift */; };
		8310AC7322263067008BF23E /* MainCell.swift in Sources */ = {isa = PBXBuildFile; fileRef = 8310AC7022263067008BF23E /* MainCell.swift */; };
		8310AC75222630FC008BF23E /* Extensions+UIView.swift in Sources */ = {isa = PBXBuildFile; fileRef = 8310AC74222630FC008BF23E /* Extensions+UIView.swift */; };
		83403D44223A01300025360E /* bookpageCell.swift in Sources */ = {isa = PBXBuildFile; fileRef = 83403D43223A01300025360E /* bookpageCell.swift */; };
		8350099D22364DB800519C0D /* eachBookView.swift in Sources */ = {isa = PBXBuildFile; fileRef = 8350099C22364DB800519C0D /* eachBookView.swift */; };
		8350099F2236511B00519C0D /* bookPageView.swift in Sources */ = {isa = PBXBuildFile; fileRef = 8350099E2236511B00519C0D /* bookPageView.swift */; };
		835009A12236A00F00519C0D /* Wyue-GutiFangsong-NC.otf in Resources */ = {isa = PBXBuildFile; fileRef = 835009A02236A00F00519C0D /* Wyue-GutiFangsong-NC.otf */; };
		83531A9C21FB087E0055DA2F /* grid_box.swift in Sources */ = {isa = PBXBuildFile; fileRef = 83531A9B21FB087E0055DA2F /* grid_box.swift */; };
		83531A9F21FB31000055DA2F /* GameListView.swift in Sources */ = {isa = PBXBuildFile; fileRef = 83531A9E21FB31000055DA2F /* GameListView.swift */; };
		83531AA121FB32C00055DA2F /* DragandDrop.swift in Sources */ = {isa = PBXBuildFile; fileRef = 83531AA021FB32C00055DA2F /* DragandDrop.swift */; };
		83531AA321FB330A0055DA2F /* MyStory.storyboard in Resources */ = {isa = PBXBuildFile; fileRef = 83531AA221FB330A0055DA2F /* MyStory.storyboard */; };
		8355194D21FE9BCF0092B2DB /* Chart1.swift in Sources */ = {isa = PBXBuildFile; fileRef = 8355194C21FE9BCF0092B2DB /* Chart1.swift */; };
		8355194F21FE9C980092B2DB /* anthercolor.swift in Sources */ = {isa = PBXBuildFile; fileRef = 8355194E21FE9C980092B2DB /* anthercolor.swift */; };
		8355195121FEEE910092B2DB /* SH_json2.json in Resources */ = {isa = PBXBuildFile; fileRef = 8355195021FEEE910092B2DB /* SH_json2.json */; };
		8355195521FEF0DF0092B2DB /* SH_jk_json2.json in Resources */ = {isa = PBXBuildFile; fileRef = 8355195421FEF0DF0092B2DB /* SH_jk_json2.json */; };
		8355195721FEF8820092B2DB /* SH_jk_json_backup.json in Resources */ = {isa = PBXBuildFile; fileRef = 8355195621FEF8820092B2DB /* SH_jk_json_backup.json */; };
		8355195921FFCF3D0092B2DB /* fangView.swift in Sources */ = {isa = PBXBuildFile; fileRef = 8355195821FFCF3D0092B2DB /* fangView.swift */; };
		8357332022406F61002DDDD7 /* Book_NeiJing_ls.json in Resources */ = {isa = PBXBuildFile; fileRef = 8357331F22406F61002DDDD7 /* Book_NeiJing_ls.json */; };
		837C51C9222F7450007B62FD /* CellConfigurator.swift in Sources */ = {isa = PBXBuildFile; fileRef = 837C51C4222F7450007B62FD /* CellConfigurator.swift */; };
		837C51CA222F7450007B62FD /* Updatable.swift in Sources */ = {isa = PBXBuildFile; fileRef = 837C51C6222F7450007B62FD /* Updatable.swift */; };
		837C51CB222F7450007B62FD /* ConfigurableTableViewController.swift in Sources */ = {isa = PBXBuildFile; fileRef = 837C51C7222F7450007B62FD /* ConfigurableTableViewController.swift */; };
		837C51D2222F748A007B62FD /* TextTableViewCell.swift in Sources */ = {isa = PBXBuildFile; fileRef = 837C51CE222F748A007B62FD /* TextTableViewCell.swift */; };
		837C51D3222F748A007B62FD /* TextCellViewData.swift in Sources */ = {isa = PBXBuildFile; fileRef = 837C51CF222F748A007B62FD /* TextCellViewData.swift */; };
		837C51D4222F748A007B62FD /* ImageCellViewData.swift in Sources */ = {isa = PBXBuildFile; fileRef = 837C51D0222F748A007B62FD /* ImageCellViewData.swift */; };
		837C51D5222F748A007B62FD /* ImageTableViewCell.swift in Sources */ = {isa = PBXBuildFile; fileRef = 837C51D1222F748A007B62FD /* ImageTableViewCell.swift */; };
		837C51D7222F7507007B62FD /* UITableViewCell+Margins.swift in Sources */ = {isa = PBXBuildFile; fileRef = 837C51D6222F7507007B62FD /* UITableViewCell+Margins.swift */; };
		837C51D9222F925B007B62FD /* test_2.swift in Sources */ = {isa = PBXBuildFile; fileRef = 837C51D8222F925B007B62FD /* test_2.swift */; };
		837DE18521F6D0AE00E0B0E3 /* AppDelegate.swift in Sources */ = {isa = PBXBuildFile; fileRef = 837DE18421F6D0AE00E0B0E3 /* AppDelegate.swift */; };
		837DE18C21F6D0AF00E0B0E3 /* Assets.xcassets in Resources */ = {isa = PBXBuildFile; fileRef = 837DE18B21F6D0AF00E0B0E3 /* Assets.xcassets */; };
		837DE18F21F6D0AF00E0B0E3 /* LaunchScreen.storyboard in Resources */ = {isa = PBXBuildFile; fileRef = 837DE18D21F6D0AF00E0B0E3 /* LaunchScreen.storyboard */; };
		837F29E721FD3194006EA74D /* yaoDetailView.swift in Sources */ = {isa = PBXBuildFile; fileRef = 837F29E621FD3194006EA74D /* yaoDetailView.swift */; };
		83828AC021F722850067D1AB /* GoogleService-Info.plist in Resources */ = {isa = PBXBuildFile; fileRef = 83828ABF21F722850067D1AB /* GoogleService-Info.plist */; };
		83855E852211033D006C1ACC /* PeopleCell.swift in Sources */ = {isa = PBXBuildFile; fileRef = 83855E842211033D006C1ACC /* PeopleCell.swift */; };
		83855E872211126C006C1ACC /* peopleListview+UITableView.swift in Sources */ = {isa = PBXBuildFile; fileRef = 83855E862211126C006C1ACC /* peopleListview+UITableView.swift */; };
		83855E8922111A0B006C1ACC /* PeopleInfoView.swift in Sources */ = {isa = PBXBuildFile; fileRef = 83855E8822111A0B006C1ACC /* PeopleInfoView.swift */; };
		83855E8C22112042006C1ACC /* Helpers.swift in Sources */ = {isa = PBXBuildFile; fileRef = 83855E8B22112042006C1ACC /* Helpers.swift */; };
		83855E8E221122E7006C1ACC /* PeopleZhengView.swift in Sources */ = {isa = PBXBuildFile; fileRef = 83855E8D221122E7006C1ACC /* PeopleZhengView.swift */; };
		83855E9322190745006C1ACC /* temp.json in Resources */ = {isa = PBXBuildFile; fileRef = 83855E9222190745006C1ACC /* temp.json */; };
		8386E399223205D90037D36A /* allBookview.swift in Sources */ = {isa = PBXBuildFile; fileRef = 8386E398223205D90037D36A /* allBookview.swift */; };
		8386E39B2232070F0037D36A /* Book_NeiJing.json in Resources */ = {isa = PBXBuildFile; fileRef = 8386E39A2232070F0037D36A /* Book_NeiJing.json */; };
		8386E39E22320B100037D36A /* Book_XinJing.json in Resources */ = {isa = PBXBuildFile; fileRef = 8386E39D22320B100037D36A /* Book_XinJing.json */; };
		8386E3A022320C7B0037D36A /* readBookJson.swift in Sources */ = {isa = PBXBuildFile; fileRef = 8386E39F22320C7B0037D36A /* readBookJson.swift */; };
		83892524220C45D2001E256B /* Core_DataManager.swift in Sources */ = {isa = PBXBuildFile; fileRef = 83892523220C45D2001E256B /* Core_DataManager.swift */; };
		838E1BAA21FFE674009CD478 /* SH_all_fang1.json in Resources */ = {isa = PBXBuildFile; fileRef = 838E1BA921FFE674009CD478 /* SH_all_fang1.json */; };
		83B675FB2262D04200B2F32B /* Yinyang_univers.swift in Sources */ = {isa = PBXBuildFile; fileRef = 83B675FA2262D04200B2F32B /* Yinyang_univers.swift */; };
		83C8B2C7220BC0810044CF4E /* peopleListview.swift in Sources */ = {isa = PBXBuildFile; fileRef = 83C8B2C6220BC0810044CF4E /* peopleListview.swift */; };
		83C8B2C9220BC8850044CF4E /* CreatePeople.swift in Sources */ = {isa = PBXBuildFile; fileRef = 83C8B2C8220BC8850044CF4E /* CreatePeople.swift */; };
		83D459D1223893CB00283ED4 /* Book_TanJing.json in Resources */ = {isa = PBXBuildFile; fileRef = 83D459D0223893CB00283ED4 /* Book_TanJing.json */; };
		83D459D32238D82F00283ED4 /* TranditionalChinese.swift in Sources */ = {isa = PBXBuildFile; fileRef = 83D459D22238D82F00283ED4 /* TranditionalChinese.swift */; };
		83D459D52238DAAB00283ED4 /* YBAttributeTextTapForSwfit.swift in Sources */ = {isa = PBXBuildFile; fileRef = 83D459D42238DAAB00283ED4 /* YBAttributeTextTapForSwfit.swift */; };
		83E0179221F8189C00D5E87F /* SH_jk_json1.json in Resources */ = {isa = PBXBuildFile; fileRef = 83E0178C21F8189C00D5E87F /* SH_jk_json1.json */; };
		83E0179321F8189C00D5E87F /* SH_jk_book.json in Resources */ = {isa = PBXBuildFile; fileRef = 83E0178D21F8189C00D5E87F /* SH_jk_book.json */; };
		83E0179421F8189C00D5E87F /* SH_book.json in Resources */ = {isa = PBXBuildFile; fileRef = 83E0178E21F8189C00D5E87F /* SH_book.json */; };
		83E0179521F8189C00D5E87F /* SH_ty2.json in Resources */ = {isa = PBXBuildFile; fileRef = 83E0178F21F8189C00D5E87F /* SH_ty2.json */; };
		83E0179621F8189C00D5E87F /* SH_yao.json in Resources */ = {isa = PBXBuildFile; fileRef = 83E0179021F8189C00D5E87F /* SH_yao.json */; };
		83E0179721F8189C00D5E87F /* SH_json1.json in Resources */ = {isa = PBXBuildFile; fileRef = 83E0179121F8189C00D5E87F /* SH_json1.json */; };
		83E0179C21F818B900D5E87F /* wenyue.otf in Resources */ = {isa = PBXBuildFile; fileRef = 83E0179921F818B900D5E87F /* wenyue.otf */; };
		83E0179D21F818B900D5E87F /* song.ttf in Resources */ = {isa = PBXBuildFile; fileRef = 83E0179A21F818B900D5E87F /* song.ttf */; };
		83E0179E21F818B900D5E87F /* Songti.ttc in Resources */ = {isa = PBXBuildFile; fileRef = 83E0179B21F818B900D5E87F /* Songti.ttc */; };
		83E017A021F819FF00D5E87F /* Models.swift in Sources */ = {isa = PBXBuildFile; fileRef = 83E0179F21F819FF00D5E87F /* Models.swift */; };
		83E017A221F8362800D5E87F /* BaseTableCon.swift in Sources */ = {isa = PBXBuildFile; fileRef = 83E017A121F8362800D5E87F /* BaseTableCon.swift */; };
		83E017A421F8390600D5E87F /* BaseCell.swift in Sources */ = {isa = PBXBuildFile; fileRef = 83E017A321F8390600D5E87F /* BaseCell.swift */; };
		83E017A621F859BA00D5E87F /* collapsHeader.swift in Sources */ = {isa = PBXBuildFile; fileRef = 83E017A521F859BA00D5E87F /* collapsHeader.swift */; };
		83E017A821F85B0300D5E87F /* ext.swift in Sources */ = {isa = PBXBuildFile; fileRef = 83E017A721F85B0300D5E87F /* ext.swift */; };
		83E017AA21F8613E00D5E87F /* YuanWenView.swift in Sources */ = {isa = PBXBuildFile; fileRef = 83E017A921F8613E00D5E87F /* YuanWenView.swift */; };
		83E017AC21F8625600D5E87F /* BookDetailView.swift in Sources */ = {isa = PBXBuildFile; fileRef = 83E017AB21F8625600D5E87F /* BookDetailView.swift */; };
		83E017AF21F8673C00D5E87F /* fangDetailView.swift in Sources */ = {isa = PBXBuildFile; fileRef = 83E017AE21F8673C00D5E87F /* fangDetailView.swift */; };
		83E017B121F871C700D5E87F /* LoveView.swift in Sources */ = {isa = PBXBuildFile; fileRef = 83E017B021F871C700D5E87F /* LoveView.swift */; };
		83E017B721F95C5900D5E87F /* coredataManager.swift in Sources */ = {isa = PBXBuildFile; fileRef = 83E017B621F95C5900D5E87F /* coredataManager.swift */; };
		83E017BC21F9BCD100D5E87F /* LoveList+CoreDataClass.swift in Sources */ = {isa = PBXBuildFile; fileRef = 83E017BA21F9BCD100D5E87F /* LoveList+CoreDataClass.swift */; };
		83E017BD21F9BCD100D5E87F /* LoveList+CoreDataProperties.swift in Sources */ = {isa = PBXBuildFile; fileRef = 83E017BB21F9BCD100D5E87F /* LoveList+CoreDataProperties.swift */; };
		83F0ABE7223B42150017AC68 /* View.xib in Resources */ = {isa = PBXBuildFile; fileRef = 83F0ABE6223B42140017AC68 /* View.xib */; };
		83F4690F21F7048C00BE6B0C /* Model.xcdatamodeld in Sources */ = {isa = PBXBuildFile; fileRef = 83F4690D21F7048C00BE6B0C /* Model.xcdatamodeld */; };
/* End PBXBuildFile section */

/* Begin PBXFileReference section */
		830C150A2234EBEA00AFAF36 /* test1.json */ = {isa = PBXFileReference; fileEncoding = 4; lastKnownFileType = text.json; path = test1.json; sourceTree = "<group>"; };
		8310AC53221E257D008BF23E /* SH_yao_1.json */ = {isa = PBXFileReference; fileEncoding = 4; lastKnownFileType = text.json; path = SH_yao_1.json; sourceTree = "<group>"; };
		8310AC56221F7910008BF23E /* ChartFuncs.swift */ = {isa = PBXFileReference; lastKnownFileType = sourcecode.swift; path = ChartFuncs.swift; sourceTree = "<group>"; };
		8310AC58221F83E6008BF23E /* ChartCell.swift */ = {isa = PBXFileReference; lastKnownFileType = sourcecode.swift; path = ChartCell.swift; sourceTree = "<group>"; };
		8310AC5A2224E3DD008BF23E /* SearchFooter.swift */ = {isa = PBXFileReference; lastKnownFileType = sourcecode.swift; path = SearchFooter.swift; sourceTree = "<group>"; };
		8310AC5C22251E80008BF23E /* Test_zheng_con.swift */ = {isa = PBXFileReference; lastKnownFileType = sourcecode.swift; path = Test_zheng_con.swift; sourceTree = "<group>"; };
		8310AC6022252854008BF23E /* zhengCell.swift */ = {isa = PBXFileReference; lastKnownFileType = sourcecode.swift; path = zhengCell.swift; sourceTree = "<group>"; };
		8310AC6222253143008BF23E /* zhengMatchYaoView.swift */ = {isa = PBXFileReference; lastKnownFileType = sourcecode.swift; path = zhengMatchYaoView.swift; sourceTree = "<group>"; };
		8310AC6522261F39008BF23E /* fangAndYuanwen.swift */ = {isa = PBXFileReference; lastKnownFileType = sourcecode.swift; path = fangAndYuanwen.swift; sourceTree = "<group>"; };
		8310AC6922263053008BF23E /* MenuCell.swift */ = {isa = PBXFileReference; fileEncoding = 4; lastKnownFileType = sourcecode.swift; path = MenuCell.swift; sourceTree = "<group>"; };
		8310AC6A22263053008BF23E /* MenuController.swift */ = {isa = PBXFileReference; fileEncoding = 4; lastKnownFileType = sourcecode.swift; path = MenuController.swift; sourceTree = "<group>"; };
		8310AC6E22263067008BF23E /* NewsItemsController.swift */ = {isa = PBXFileReference; fileEncoding = 4; lastKnownFileType = sourcecode.swift; path = NewsItemsController.swift; sourceTree = "<group>"; };
		8310AC6F22263067008BF23E /* SwipingController.swift */ = {isa = PBXFileReference; fileEncoding = 4; lastKnownFileType = sourcecode.swift; path = SwipingController.swift; sourceTree = "<group>"; };
		8310AC7022263067008BF23E /* MainCell.swift */ = {isa = PBXFileReference; fileEncoding = 4; lastKnownFileType = sourcecode.swift; path = MainCell.swift; sourceTree = "<group>"; };
		8310AC74222630FC008BF23E /* Extensions+UIView.swift */ = {isa = PBXFileReference; fileEncoding = 4; lastKnownFileType = sourcecode.swift; path = "Extensions+UIView.swift"; sourceTree = "<group>"; };
		83403D43223A01300025360E /* bookpageCell.swift */ = {isa = PBXFileReference; lastKnownFileType = sourcecode.swift; path = bookpageCell.swift; sourceTree = "<group>"; };
		8350099C22364DB800519C0D /* eachBookView.swift */ = {isa = PBXFileReference; lastKnownFileType = sourcecode.swift; path = eachBookView.swift; sourceTree = "<group>"; };
		8350099E2236511B00519C0D /* bookPageView.swift */ = {isa = PBXFileReference; lastKnownFileType = sourcecode.swift; path = bookPageView.swift; sourceTree = "<group>"; };
		835009A02236A00F00519C0D /* Wyue-GutiFangsong-NC.otf */ = {isa = PBXFileReference; lastKnownFileType = file; path = "Wyue-GutiFangsong-NC.otf"; sourceTree = "<group>"; };
		83531A9B21FB087E0055DA2F /* grid_box.swift */ = {isa = PBXFileReference; lastKnownFileType = sourcecode.swift; path = grid_box.swift; sourceTree = "<group>"; };
		83531A9E21FB31000055DA2F /* GameListView.swift */ = {isa = PBXFileReference; lastKnownFileType = sourcecode.swift; path = GameListView.swift; sourceTree = "<group>"; };
		83531AA021FB32C00055DA2F /* DragandDrop.swift */ = {isa = PBXFileReference; lastKnownFileType = sourcecode.swift; path = DragandDrop.swift; sourceTree = "<group>"; };
		83531AA221FB330A0055DA2F /* MyStory.storyboard */ = {isa = PBXFileReference; lastKnownFileType = file.storyboard; path = MyStory.storyboard; sourceTree = "<group>"; };
		8355194C21FE9BCF0092B2DB /* Chart1.swift */ = {isa = PBXFileReference; lastKnownFileType = sourcecode.swift; path = Chart1.swift; sourceTree = "<group>"; };
		8355194E21FE9C980092B2DB /* anthercolor.swift */ = {isa = PBXFileReference; lastKnownFileType = sourcecode.swift; path = anthercolor.swift; sourceTree = "<group>"; };
		8355195021FEEE910092B2DB /* SH_json2.json */ = {isa = PBXFileReference; lastKnownFileType = text.json; path = SH_json2.json; sourceTree = "<group>"; };
		8355195421FEF0DF0092B2DB /* SH_jk_json2.json */ = {isa = PBXFileReference; lastKnownFileType = text.json; path = SH_jk_json2.json; sourceTree = "<group>"; };
		8355195621FEF8820092B2DB /* SH_jk_json_backup.json */ = {isa = PBXFileReference; fileEncoding = 4; lastKnownFileType = text.json; path = SH_jk_json_backup.json; sourceTree = "<group>"; };
		8355195821FFCF3D0092B2DB /* fangView.swift */ = {isa = PBXFileReference; lastKnownFileType = sourcecode.swift; path = fangView.swift; sourceTree = "<group>"; };
		8357331F22406F61002DDDD7 /* Book_NeiJing_ls.json */ = {isa = PBXFileReference; fileEncoding = 4; lastKnownFileType = text.json; path = Book_NeiJing_ls.json; sourceTree = "<group>"; };
		837C51C4222F7450007B62FD /* CellConfigurator.swift */ = {isa = PBXFileReference; fileEncoding = 4; lastKnownFileType = sourcecode.swift; path = CellConfigurator.swift; sourceTree = "<group>"; };
		837C51C6222F7450007B62FD /* Updatable.swift */ = {isa = PBXFileReference; fileEncoding = 4; lastKnownFileType = sourcecode.swift; path = Updatable.swift; sourceTree = "<group>"; };
		837C51C7222F7450007B62FD /* ConfigurableTableViewController.swift */ = {isa = PBXFileReference; fileEncoding = 4; lastKnownFileType = sourcecode.swift; path = ConfigurableTableViewController.swift; sourceTree = "<group>"; };
		837C51CE222F748A007B62FD /* TextTableViewCell.swift */ = {isa = PBXFileReference; fileEncoding = 4; lastKnownFileType = sourcecode.swift; path = TextTableViewCell.swift; sourceTree = "<group>"; };
		837C51CF222F748A007B62FD /* TextCellViewData.swift */ = {isa = PBXFileReference; fileEncoding = 4; lastKnownFileType = sourcecode.swift; path = TextCellViewData.swift; sourceTree = "<group>"; };
		837C51D0222F748A007B62FD /* ImageCellViewData.swift */ = {isa = PBXFileReference; fileEncoding = 4; lastKnownFileType = sourcecode.swift; path = ImageCellViewData.swift; sourceTree = "<group>"; };
		837C51D1222F748A007B62FD /* ImageTableViewCell.swift */ = {isa = PBXFileReference; fileEncoding = 4; lastKnownFileType = sourcecode.swift; path = ImageTableViewCell.swift; sourceTree = "<group>"; };
		837C51D6222F7507007B62FD /* UITableViewCell+Margins.swift */ = {isa = PBXFileReference; fileEncoding = 4; lastKnownFileType = sourcecode.swift; path = "UITableViewCell+Margins.swift"; sourceTree = "<group>"; };
		837C51D8222F925B007B62FD /* test_2.swift */ = {isa = PBXFileReference; lastKnownFileType = sourcecode.swift; path = test_2.swift; sourceTree = "<group>"; };
		837DE18121F6D0AE00E0B0E3 /* shanghanlun.app */ = {isa = PBXFileReference; explicitFileType = wrapper.application; includeInIndex = 0; path = shanghanlun.app; sourceTree = BUILT_PRODUCTS_DIR; };
		837DE18421F6D0AE00E0B0E3 /* AppDelegate.swift */ = {isa = PBXFileReference; lastKnownFileType = sourcecode.swift; path = AppDelegate.swift; sourceTree = "<group>"; };
		837DE18B21F6D0AF00E0B0E3 /* Assets.xcassets */ = {isa = PBXFileReference; lastKnownFileType = folder.assetcatalog; path = Assets.xcassets; sourceTree = "<group>"; };
		837DE18E21F6D0AF00E0B0E3 /* Base */ = {isa = PBXFileReference; lastKnownFileType = file.storyboard; name = Base; path = Base.lproj/LaunchScreen.storyboard; sourceTree = "<group>"; };
		837DE19021F6D0AF00E0B0E3 /* Info.plist */ = {isa = PBXFileReference; lastKnownFileType = text.plist.xml; path = Info.plist; sourceTree = "<group>"; };
		837F29E621FD3194006EA74D /* yaoDetailView.swift */ = {isa = PBXFileReference; lastKnownFileType = sourcecode.swift; path = yaoDetailView.swift; sourceTree = "<group>"; };
		83828ABF21F722850067D1AB /* GoogleService-Info.plist */ = {isa = PBXFileReference; fileEncoding = 4; lastKnownFileType = text.plist.xml; path = "GoogleService-Info.plist"; sourceTree = "<group>"; };
		83855E842211033D006C1ACC /* PeopleCell.swift */ = {isa = PBXFileReference; lastKnownFileType = sourcecode.swift; path = PeopleCell.swift; sourceTree = "<group>"; };
		83855E862211126C006C1ACC /* peopleListview+UITableView.swift */ = {isa = PBXFileReference; lastKnownFileType = sourcecode.swift; path = "peopleListview+UITableView.swift"; sourceTree = "<group>"; };
		83855E8822111A0B006C1ACC /* PeopleInfoView.swift */ = {isa = PBXFileReference; lastKnownFileType = sourcecode.swift; path = PeopleInfoView.swift; sourceTree = "<group>"; };
		83855E8B22112042006C1ACC /* Helpers.swift */ = {isa = PBXFileReference; lastKnownFileType = sourcecode.swift; path = Helpers.swift; sourceTree = "<group>"; };
		83855E8D221122E7006C1ACC /* PeopleZhengView.swift */ = {isa = PBXFileReference; lastKnownFileType = sourcecode.swift; path = PeopleZhengView.swift; sourceTree = "<group>"; };
		83855E9222190745006C1ACC /* temp.json */ = {isa = PBXFileReference; lastKnownFileType = text.json; path = temp.json; sourceTree = "<group>"; };
		8386E398223205D90037D36A /* allBookview.swift */ = {isa = PBXFileReference; lastKnownFileType = sourcecode.swift; path = allBookview.swift; sourceTree = "<group>"; };
		8386E39A2232070F0037D36A /* Book_NeiJing.json */ = {isa = PBXFileReference; fileEncoding = 4; lastKnownFileType = text.json; path = Book_NeiJing.json; sourceTree = "<group>"; };
		8386E39D22320B100037D36A /* Book_XinJing.json */ = {isa = PBXFileReference; fileEncoding = 4; lastKnownFileType = text.json; path = Book_XinJing.json; sourceTree = "<group>"; };
		8386E39F22320C7B0037D36A /* readBookJson.swift */ = {isa = PBXFileReference; lastKnownFileType = sourcecode.swift; path = readBookJson.swift; sourceTree = "<group>"; };
		83892523220C45D2001E256B /* Core_DataManager.swift */ = {isa = PBXFileReference; lastKnownFileType = sourcecode.swift; path = Core_DataManager.swift; sourceTree = "<group>"; };
		838E1BA921FFE674009CD478 /* SH_all_fang1.json */ = {isa = PBXFileReference; lastKnownFileType = text.json; path = SH_all_fang1.json; sourceTree = "<group>"; };
		83B675FA2262D04200B2F32B /* Yinyang_univers.swift */ = {isa = PBXFileReference; fileEncoding = 4; lastKnownFileType = sourcecode.swift; path = Yinyang_univers.swift; sourceTree = "<group>"; };
		83C8B2C6220BC0810044CF4E /* peopleListview.swift */ = {isa = PBXFileReference; lastKnownFileType = sourcecode.swift; path = peopleListview.swift; sourceTree = "<group>"; };
		83C8B2C8220BC8850044CF4E /* CreatePeople.swift */ = {isa = PBXFileReference; lastKnownFileType = sourcecode.swift; path = CreatePeople.swift; sourceTree = "<group>"; };
		83D459D0223893CB00283ED4 /* Book_TanJing.json */ = {isa = PBXFileReference; fileEncoding = 4; lastKnownFileType = text.json; path = Book_TanJing.json; sourceTree = "<group>"; };
		83D459D22238D82F00283ED4 /* TranditionalChinese.swift */ = {isa = PBXFileReference; lastKnownFileType = sourcecode.swift; path = TranditionalChinese.swift; sourceTree = "<group>"; };
		83D459D42238DAAB00283ED4 /* YBAttributeTextTapForSwfit.swift */ = {isa = PBXFileReference; fileEncoding = 4; lastKnownFileType = sourcecode.swift; path = YBAttributeTextTapForSwfit.swift; sourceTree = "<group>"; };
		83E0178C21F8189C00D5E87F /* SH_jk_json1.json */ = {isa = PBXFileReference; fileEncoding = 4; lastKnownFileType = text.json; path = SH_jk_json1.json; sourceTree = "<group>"; };
		83E0178D21F8189C00D5E87F /* SH_jk_book.json */ = {isa = PBXFileReference; fileEncoding = 4; lastKnownFileType = text.json; path = SH_jk_book.json; sourceTree = "<group>"; };
		83E0178E21F8189C00D5E87F /* SH_book.json */ = {isa = PBXFileReference; fileEncoding = 4; lastKnownFileType = text.json; path = SH_book.json; sourceTree = "<group>"; };
		83E0178F21F8189C00D5E87F /* SH_ty2.json */ = {isa = PBXFileReference; fileEncoding = 4; lastKnownFileType = text.json; path = SH_ty2.json; sourceTree = "<group>"; };
		83E0179021F8189C00D5E87F /* SH_yao.json */ = {isa = PBXFileReference; fileEncoding = 4; lastKnownFileType = text.json; path = SH_yao.json; sourceTree = "<group>"; };
		83E0179121F8189C00D5E87F /* SH_json1.json */ = {isa = PBXFileReference; fileEncoding = 4; lastKnownFileType = text.json; path = SH_json1.json; sourceTree = "<group>"; };
		83E0179921F818B900D5E87F /* wenyue.otf */ = {isa = PBXFileReference; lastKnownFileType = file; path = wenyue.otf; sourceTree = "<group>"; };
		83E0179A21F818B900D5E87F /* song.ttf */ = {isa = PBXFileReference; lastKnownFileType = file; path = song.ttf; sourceTree = "<group>"; };
		83E0179B21F818B900D5E87F /* Songti.ttc */ = {isa = PBXFileReference; lastKnownFileType = file; path = Songti.ttc; sourceTree = "<group>"; };
		83E0179F21F819FF00D5E87F /* Models.swift */ = {isa = PBXFileReference; lastKnownFileType = sourcecode.swift; path = Models.swift; sourceTree = "<group>"; };
		83E017A121F8362800D5E87F /* BaseTableCon.swift */ = {isa = PBXFileReference; lastKnownFileType = sourcecode.swift; path = BaseTableCon.swift; sourceTree = "<group>"; };
		83E017A321F8390600D5E87F /* BaseCell.swift */ = {isa = PBXFileReference; lastKnownFileType = sourcecode.swift; path = BaseCell.swift; sourceTree = "<group>"; };
		83E017A521F859BA00D5E87F /* collapsHeader.swift */ = {isa = PBXFileReference; lastKnownFileType = sourcecode.swift; path = collapsHeader.swift; sourceTree = "<group>"; };
		83E017A721F85B0300D5E87F /* ext.swift */ = {isa = PBXFileReference; lastKnownFileType = sourcecode.swift; path = ext.swift; sourceTree = "<group>"; };
		83E017A921F8613E00D5E87F /* YuanWenView.swift */ = {isa = PBXFileReference; lastKnownFileType = sourcecode.swift; path = YuanWenView.swift; sourceTree = "<group>"; };
		83E017AB21F8625600D5E87F /* BookDetailView.swift */ = {isa = PBXFileReference; lastKnownFileType = sourcecode.swift; path = BookDetailView.swift; sourceTree = "<group>"; };
		83E017AE21F8673C00D5E87F /* fangDetailView.swift */ = {isa = PBXFileReference; lastKnownFileType = sourcecode.swift; path = fangDetailView.swift; sourceTree = "<group>"; };
		83E017B021F871C700D5E87F /* LoveView.swift */ = {isa = PBXFileReference; lastKnownFileType = sourcecode.swift; path = LoveView.swift; sourceTree = "<group>"; };
		83E017B621F95C5900D5E87F /* coredataManager.swift */ = {isa = PBXFileReference; lastKnownFileType = sourcecode.swift; path = coredataManager.swift; sourceTree = "<group>"; };
		83E017BA21F9BCD100D5E87F /* LoveList+CoreDataClass.swift */ = {isa = PBXFileReference; lastKnownFileType = sourcecode.swift; path = "LoveList+CoreDataClass.swift"; sourceTree = "<group>"; };
		83E017BB21F9BCD100D5E87F /* LoveList+CoreDataProperties.swift */ = {isa = PBXFileReference; lastKnownFileType = sourcecode.swift; path = "LoveList+CoreDataProperties.swift"; sourceTree = "<group>"; };
		83F0ABE6223B42140017AC68 /* View.xib */ = {isa = PBXFileReference; lastKnownFileType = file.xib; path = View.xib; sourceTree = "<group>"; };
		83F4690E21F7048C00BE6B0C /* Model.xcdatamodel */ = {isa = PBXFileReference; lastKnownFileType = wrapper.xcdatamodel; path = Model.xcdatamodel; sourceTree = "<group>"; };
		863FEE1E1C34B936D55071C6 /* Pods_shanghanlun.framework */ = {isa = PBXFileReference; explicitFileType = wrapper.framework; includeInIndex = 0; path = Pods_shanghanlun.framework; sourceTree = BUILT_PRODUCTS_DIR; };
		884EFB556B88F4B493874E3B /* Pods-shanghanlun.debug.xcconfig */ = {isa = PBXFileReference; includeInIndex = 1; lastKnownFileType = text.xcconfig; name = "Pods-shanghanlun.debug.xcconfig"; path = "Pods/Target Support Files/Pods-shanghanlun/Pods-shanghanlun.debug.xcconfig"; sourceTree = "<group>"; };
		F3777A4EE7A7A72F7059D03B /* Pods-shanghanlun.release.xcconfig */ = {isa = PBXFileReference; includeInIndex = 1; lastKnownFileType = text.xcconfig; name = "Pods-shanghanlun.release.xcconfig"; path = "Pods/Target Support Files/Pods-shanghanlun/Pods-shanghanlun.release.xcconfig"; sourceTree = "<group>"; };
/* End PBXFileReference section */

/* Begin PBXFrameworksBuildPhase section */
		837DE17E21F6D0AE00E0B0E3 /* Frameworks */ = {
			isa = PBXFrameworksBuildPhase;
			buildActionMask = 2147483647;
			files = (
				66605DEA03356B119F68385B /* Pods_shanghanlun.framework in Frameworks */,
			);
			runOnlyForDeploymentPostprocessing = 0;
		};
/* End PBXFrameworksBuildPhase section */

/* Begin PBXGroup section */
		8310AC55221F78E3008BF23E /* Charts */ = {
			isa = PBXGroup;
			children = (
				8310AC56221F7910008BF23E /* ChartFuncs.swift */,
				8310AC58221F83E6008BF23E /* ChartCell.swift */,
			);
			path = Charts;
			sourceTree = "<group>";
		};
		8310AC5E22252827008BF23E /* cell */ = {
			isa = PBXGroup;
			children = (
				83403D43223A01300025360E /* bookpageCell.swift */,
				83F0ABE6223B42140017AC68 /* View.xib */,
			);
			path = cell;
			sourceTree = "<group>";
		};
		8310AC5F2225283C008BF23E /* zheng */ = {
			isa = PBXGroup;
			children = (
				8310AC5C22251E80008BF23E /* Test_zheng_con.swift */,
				8310AC6022252854008BF23E /* zhengCell.swift */,
				8310AC6222253143008BF23E /* zhengMatchYaoView.swift */,
			);
			path = zheng;
			sourceTree = "<group>";
		};
		8310AC6422261EF8008BF23E /* fang&yuanwen */ = {
			isa = PBXGroup;
			children = (
				8310AC6722263022008BF23E /* uicolletionCon */,
				83E017A921F8613E00D5E87F /* YuanWenView.swift */,
				83E017AB21F8625600D5E87F /* BookDetailView.swift */,
				83E017AE21F8673C00D5E87F /* fangDetailView.swift */,
				837F29E621FD3194006EA74D /* yaoDetailView.swift */,
				8355195821FFCF3D0092B2DB /* fangView.swift */,
				8310AC6522261F39008BF23E /* fangAndYuanwen.swift */,
			);
			path = "fang&yuanwen";
			sourceTree = "<group>";
		};
		8310AC6722263022008BF23E /* uicolletionCon */ = {
			isa = PBXGroup;
			children = (
				8310AC5E22252827008BF23E /* cell */,
				8310AC6D22263067008BF23E /* Main */,
				8310AC6822263053008BF23E /* Menu */,
			);
			path = uicolletionCon;
			sourceTree = "<group>";
		};
		8310AC6822263053008BF23E /* Menu */ = {
			isa = PBXGroup;
			children = (
				8310AC6922263053008BF23E /* MenuCell.swift */,
				8310AC6A22263053008BF23E /* MenuController.swift */,
			);
			name = Menu;
			path = ../../../../../../../Downloads/SwipingPageRedditFeature/SwipingPageRedditFeature/Menu;
			sourceTree = "<group>";
		};
		8310AC6D22263067008BF23E /* Main */ = {
			isa = PBXGroup;
			children = (
				8310AC6E22263067008BF23E /* NewsItemsController.swift */,
				8310AC6F22263067008BF23E /* SwipingController.swift */,
				8310AC7022263067008BF23E /* MainCell.swift */,
			);
			path = Main;
			sourceTree = "<group>";
		};
		83531A9A21FB08630055DA2F /* Games */ = {
			isa = PBXGroup;
			children = (
				83531A9B21FB087E0055DA2F /* grid_box.swift */,
				83B675FA2262D04200B2F32B /* Yinyang_univers.swift */,
				83531AA021FB32C00055DA2F /* DragandDrop.swift */,
			);
			path = Games;
			sourceTree = "<group>";
		};
		837C51C3222F7450007B62FD /* Framework */ = {
			isa = PBXGroup;
			children = (
				837C51C4222F7450007B62FD /* CellConfigurator.swift */,
				837C51C6222F7450007B62FD /* Updatable.swift */,
				837C51C7222F7450007B62FD /* ConfigurableTableViewController.swift */,
			);
			path = Framework;
			sourceTree = "<group>";
		};
		837C51CD222F747A007B62FD /* test */ = {
			isa = PBXGroup;
			children = (
				837C51D6222F7507007B62FD /* UITableViewCell+Margins.swift */,
				837C51D0222F748A007B62FD /* ImageCellViewData.swift */,
				837C51D1222F748A007B62FD /* ImageTableViewCell.swift */,
				837C51CF222F748A007B62FD /* TextCellViewData.swift */,
				837C51CE222F748A007B62FD /* TextTableViewCell.swift */,
				837C51D8222F925B007B62FD /* test_2.swift */,
			);
			path = test;
			sourceTree = "<group>";
		};
		837DE17821F6D0AE00E0B0E3 = {
			isa = PBXGroup;
			children = (
				83B675F92262CCD100B2F32B /* Game */,
				837DE18321F6D0AE00E0B0E3 /* shanghanlun */,
				837DE18221F6D0AE00E0B0E3 /* Products */,
				A8124CB3F3F5A3DD9EF414BF /* Pods */,
				EA1F3694CA4E7FC33AF867A7 /* Frameworks */,
			);
			sourceTree = "<group>";
		};
		837DE18221F6D0AE00E0B0E3 /* Products */ = {
			isa = PBXGroup;
			children = (
				837DE18121F6D0AE00E0B0E3 /* shanghanlun.app */,
			);
			name = Products;
			sourceTree = "<group>";
		};
		837DE18321F6D0AE00E0B0E3 /* shanghanlun */ = {
			isa = PBXGroup;
			children = (
				8310AC55221F78E3008BF23E /* Charts */,
				83531A9A21FB08630055DA2F /* Games */,
				837DE19021F6D0AF00E0B0E3 /* Info.plist */,
				83E017AD21F862C500D5E87F /* other */,
				83E0179821F818AC00D5E87F /* Font */,
				83E0178B21F8188F00D5E87F /* Data */,
				83E0178A21F817F600D5E87F /* Views */,
				83E0178921F817E000D5E87F /* Controllers */,
				83E0178821F817D500D5E87F /* Models */,
				837DE18421F6D0AE00E0B0E3 /* AppDelegate.swift */,
				837DE18B21F6D0AF00E0B0E3 /* Assets.xcassets */,
				83531AA221FB330A0055DA2F /* MyStory.storyboard */,
			);
			path = shanghanlun;
			sourceTree = "<group>";
		};
		83855E8A2211202B006C1ACC /* helper */ = {
			isa = PBXGroup;
			children = (
				83855E8B22112042006C1ACC /* Helpers.swift */,
				8310AC5A2224E3DD008BF23E /* SearchFooter.swift */,
			);
			path = helper;
			sourceTree = "<group>";
		};
		83855E8F2211692B006C1ACC /* doctor */ = {
			isa = PBXGroup;
			children = (
				83C8B2C6220BC0810044CF4E /* peopleListview.swift */,
				83855E8822111A0B006C1ACC /* PeopleInfoView.swift */,
				83855E8D221122E7006C1ACC /* PeopleZhengView.swift */,
				83855E862211126C006C1ACC /* peopleListview+UITableView.swift */,
				83855E842211033D006C1ACC /* PeopleCell.swift */,
				83C8B2C8220BC8850044CF4E /* CreatePeople.swift */,
			);
			path = doctor;
			sourceTree = "<group>";
		};
		8386E397223205670037D36A /* books */ = {
			isa = PBXGroup;
			children = (
				8386E39C223207200037D36A /* books_data */,
				8386E398223205D90037D36A /* allBookview.swift */,
				8386E39F22320C7B0037D36A /* readBookJson.swift */,
				8350099C22364DB800519C0D /* eachBookView.swift */,
				8350099E2236511B00519C0D /* bookPageView.swift */,
			);
			path = books;
			sourceTree = "<group>";
		};
		8386E39C223207200037D36A /* books_data */ = {
			isa = PBXGroup;
			children = (
				8386E39A2232070F0037D36A /* Book_NeiJing.json */,
				8357331F22406F61002DDDD7 /* Book_NeiJing_ls.json */,
				8386E39D22320B100037D36A /* Book_XinJing.json */,
				83D459D0223893CB00283ED4 /* Book_TanJing.json */,
				830C150A2234EBEA00AFAF36 /* test1.json */,
			);
			path = books_data;
			sourceTree = "<group>";
		};
		83B675F92262CCD100B2F32B /* Game */ = {
			isa = PBXGroup;
			children = (
			);
			path = Game;
			sourceTree = "<group>";
		};
		83E0178821F817D500D5E87F /* Models */ = {
			isa = PBXGroup;
			children = (
				83E0179F21F819FF00D5E87F /* Models.swift */,
			);
			path = Models;
			sourceTree = "<group>";
		};
		83E0178921F817E000D5E87F /* Controllers */ = {
			isa = PBXGroup;
			children = (
				837C51C3222F7450007B62FD /* Framework */,
				83E017A121F8362800D5E87F /* BaseTableCon.swift */,
				83E017A521F859BA00D5E87F /* collapsHeader.swift */,
				83E017B621F95C5900D5E87F /* coredataManager.swift */,
				83892523220C45D2001E256B /* Core_DataManager.swift */,
			);
			path = Controllers;
			sourceTree = "<group>";
		};
		83E0178A21F817F600D5E87F /* Views */ = {
			isa = PBXGroup;
			children = (
				8386E397223205670037D36A /* books */,
				837C51CD222F747A007B62FD /* test */,
				8310AC74222630FC008BF23E /* Extensions+UIView.swift */,
				8310AC6422261EF8008BF23E /* fang&yuanwen */,
				8310AC5F2225283C008BF23E /* zheng */,
				83855E8F2211692B006C1ACC /* doctor */,
				83855E8A2211202B006C1ACC /* helper */,
				83E017A321F8390600D5E87F /* BaseCell.swift */,
				83E017B021F871C700D5E87F /* LoveView.swift */,
				83531A9E21FB31000055DA2F /* GameListView.swift */,
				8355194C21FE9BCF0092B2DB /* Chart1.swift */,
			);
			path = Views;
			sourceTree = "<group>";
		};
		83E0178B21F8188F00D5E87F /* Data */ = {
			isa = PBXGroup;
			children = (
				83E017BA21F9BCD100D5E87F /* LoveList+CoreDataClass.swift */,
				83E017BB21F9BCD100D5E87F /* LoveList+CoreDataProperties.swift */,
				83F4690D21F7048C00BE6B0C /* Model.xcdatamodeld */,
				83E0178E21F8189C00D5E87F /* SH_book.json */,
				83E0178D21F8189C00D5E87F /* SH_jk_book.json */,
				83E0178C21F8189C00D5E87F /* SH_jk_json1.json */,
				83E0179121F8189C00D5E87F /* SH_json1.json */,
				83E0178F21F8189C00D5E87F /* SH_ty2.json */,
				83E0179021F8189C00D5E87F /* SH_yao.json */,
				8310AC53221E257D008BF23E /* SH_yao_1.json */,
				8355195021FEEE910092B2DB /* SH_json2.json */,
				8355195421FEF0DF0092B2DB /* SH_jk_json2.json */,
				8355195621FEF8820092B2DB /* SH_jk_json_backup.json */,
				838E1BA921FFE674009CD478 /* SH_all_fang1.json */,
				83855E9222190745006C1ACC /* temp.json */,
			);
			path = Data;
			sourceTree = "<group>";
		};
		83E0179821F818AC00D5E87F /* Font */ = {
			isa = PBXGroup;
			children = (
				835009A02236A00F00519C0D /* Wyue-GutiFangsong-NC.otf */,
				83E0179A21F818B900D5E87F /* song.ttf */,
				83E0179B21F818B900D5E87F /* Songti.ttc */,
				83E0179921F818B900D5E87F /* wenyue.otf */,
			);
			path = Font;
			sourceTree = "<group>";
		};
		83E017AD21F862C500D5E87F /* other */ = {
			isa = PBXGroup;
			children = (
				83D459D42238DAAB00283ED4 /* YBAttributeTextTapForSwfit.swift */,
				83E017A721F85B0300D5E87F /* ext.swift */,
				83828ABF21F722850067D1AB /* GoogleService-Info.plist */,
				837DE18D21F6D0AF00E0B0E3 /* LaunchScreen.storyboard */,
				8355194E21FE9C980092B2DB /* anthercolor.swift */,
				83D459D22238D82F00283ED4 /* TranditionalChinese.swift */,
			);
			path = other;
			sourceTree = "<group>";
		};
		A8124CB3F3F5A3DD9EF414BF /* Pods */ = {
			isa = PBXGroup;
			children = (
				884EFB556B88F4B493874E3B /* Pods-shanghanlun.debug.xcconfig */,
				F3777A4EE7A7A72F7059D03B /* Pods-shanghanlun.release.xcconfig */,
			);
			name = Pods;
			sourceTree = "<group>";
		};
		EA1F3694CA4E7FC33AF867A7 /* Frameworks */ = {
			isa = PBXGroup;
			children = (
				863FEE1E1C34B936D55071C6 /* Pods_shanghanlun.framework */,
			);
			name = Frameworks;
			sourceTree = "<group>";
		};
/* End PBXGroup section */

/* Begin PBXNativeTarget section */
		837DE18021F6D0AE00E0B0E3 /* shanghanlun */ = {
			isa = PBXNativeTarget;
			buildConfigurationList = 837DE19321F6D0AF00E0B0E3 /* Build configuration list for PBXNativeTarget "shanghanlun" */;
			buildPhases = (
				EDB894ED380CAC0B04730B09 /* [CP] Check Pods Manifest.lock */,
				837DE17D21F6D0AE00E0B0E3 /* Sources */,
				837DE17E21F6D0AE00E0B0E3 /* Frameworks */,
				837DE17F21F6D0AE00E0B0E3 /* Resources */,
				AAEC5930CB2339CDADC6F0CE /* [CP] Embed Pods Frameworks */,
			);
			buildRules = (
			);
			dependencies = (
			);
			name = shanghanlun;
			productName = shanghanlun;
			productReference = 837DE18121F6D0AE00E0B0E3 /* shanghanlun.app */;
			productType = "com.apple.product-type.application";
		};
/* End PBXNativeTarget section */

/* Begin PBXProject section */
		837DE17921F6D0AE00E0B0E3 /* Project object */ = {
			isa = PBXProject;
			attributes = {
				LastSwiftUpdateCheck = 1010;
				LastUpgradeCheck = 1010;
				ORGANIZATIONNAME = xuhua;
				TargetAttributes = {
					837DE18021F6D0AE00E0B0E3 = {
						CreatedOnToolsVersion = 10.1;
						LastSwiftMigration = 1020;
					};
				};
			};
			buildConfigurationList = 837DE17C21F6D0AE00E0B0E3 /* Build configuration list for PBXProject "shanghanlun" */;
			compatibilityVersion = "Xcode 9.3";
			developmentRegion = en;
			hasScannedForEncodings = 0;
			knownRegions = (
				en,
				Base,
			);
			mainGroup = 837DE17821F6D0AE00E0B0E3;
			productRefGroup = 837DE18221F6D0AE00E0B0E3 /* Products */;
			projectDirPath = "";
			projectRoot = "";
			targets = (
				837DE18021F6D0AE00E0B0E3 /* shanghanlun */,
			);
		};
/* End PBXProject section */

/* Begin PBXResourcesBuildPhase section */
		837DE17F21F6D0AE00E0B0E3 /* Resources */ = {
			isa = PBXResourcesBuildPhase;
			buildActionMask = 2147483647;
			files = (
				83E0179E21F818B900D5E87F /* Songti.ttc in Resources */,
				835009A12236A00F00519C0D /* Wyue-GutiFangsong-NC.otf in Resources */,
				830C150B2234EBEA00AFAF36 /* test1.json in Resources */,
				837DE18F21F6D0AF00E0B0E3 /* LaunchScreen.storyboard in Resources */,
				83E0179221F8189C00D5E87F /* SH_jk_json1.json in Resources */,
				8310AC54221E257D008BF23E /* SH_yao_1.json in Resources */,
				83E0179721F8189C00D5E87F /* SH_json1.json in Resources */,
				8386E39E22320B100037D36A /* Book_XinJing.json in Resources */,
				83E0179421F8189C00D5E87F /* SH_book.json in Resources */,
				83828AC021F722850067D1AB /* GoogleService-Info.plist in Resources */,
				8355195521FEF0DF0092B2DB /* SH_jk_json2.json in Resources */,
				83F0ABE7223B42150017AC68 /* View.xib in Resources */,
				83E0179621F8189C00D5E87F /* SH_yao.json in Resources */,
				83E0179521F8189C00D5E87F /* SH_ty2.json in Resources */,
				83531AA321FB330A0055DA2F /* MyStory.storyboard in Resources */,
				83D459D1223893CB00283ED4 /* Book_TanJing.json in Resources */,
				8357332022406F61002DDDD7 /* Book_NeiJing_ls.json in Resources */,
				837DE18C21F6D0AF00E0B0E3 /* Assets.xcassets in Resources */,
				8355195721FEF8820092B2DB /* SH_jk_json_backup.json in Resources */,
				83E0179321F8189C00D5E87F /* SH_jk_book.json in Resources */,
				83E0179C21F818B900D5E87F /* wenyue.otf in Resources */,
				838E1BAA21FFE674009CD478 /* SH_all_fang1.json in Resources */,
				83E0179D21F818B900D5E87F /* song.ttf in Resources */,
				8355195121FEEE910092B2DB /* SH_json2.json in Resources */,
				8386E39B2232070F0037D36A /* Book_NeiJing.json in Resources */,
				83855E9322190745006C1ACC /* temp.json in Resources */,
			);
			runOnlyForDeploymentPostprocessing = 0;
		};
/* End PBXResourcesBuildPhase section */

/* Begin PBXShellScriptBuildPhase section */
		AAEC5930CB2339CDADC6F0CE /* [CP] Embed Pods Frameworks */ = {
			isa = PBXShellScriptBuildPhase;
			buildActionMask = 2147483647;
			files = (
			);
			inputFileListPaths = (
			);
			inputPaths = (
				"${SRCROOT}/Pods/Target Support Files/Pods-shanghanlun/Pods-shanghanlun-frameworks.sh",
				"${BUILT_PRODUCTS_DIR}/Charts/Charts.framework",
				"${BUILT_PRODUCTS_DIR}/Down/Down.framework",
				"${BUILT_PRODUCTS_DIR}/Highlighter/Highlighter.framework",
				"${BUILT_PRODUCTS_DIR}/SelectableTextView/SelectableTextView.framework",
			);
			name = "[CP] Embed Pods Frameworks";
			outputFileListPaths = (
			);
			outputPaths = (
				"${TARGET_BUILD_DIR}/${FRAMEWORKS_FOLDER_PATH}/Charts.framework",
				"${TARGET_BUILD_DIR}/${FRAMEWORKS_FOLDER_PATH}/Down.framework",
				"${TARGET_BUILD_DIR}/${FRAMEWORKS_FOLDER_PATH}/Highlighter.framework",
				"${TARGET_BUILD_DIR}/${FRAMEWORKS_FOLDER_PATH}/SelectableTextView.framework",
			);
			runOnlyForDeploymentPostprocessing = 0;
			shellPath = /bin/sh;
			shellScript = "\"${SRCROOT}/Pods/Target Support Files/Pods-shanghanlun/Pods-shanghanlun-frameworks.sh\"\n";
			showEnvVarsInLog = 0;
		};
		EDB894ED380CAC0B04730B09 /* [CP] Check Pods Manifest.lock */ = {
			isa = PBXShellScriptBuildPhase;
			buildActionMask = 2147483647;
			files = (
			);
			inputFileListPaths = (
			);
			inputPaths = (
				"${PODS_PODFILE_DIR_PATH}/Podfile.lock",
				"${PODS_ROOT}/Manifest.lock",
			);
			name = "[CP] Check Pods Manifest.lock";
			outputFileListPaths = (
			);
			outputPaths = (
				"$(DERIVED_FILE_DIR)/Pods-shanghanlun-checkManifestLockResult.txt",
			);
			runOnlyForDeploymentPostprocessing = 0;
			shellPath = /bin/sh;
			shellScript = "diff \"${PODS_PODFILE_DIR_PATH}/Podfile.lock\" \"${PODS_ROOT}/Manifest.lock\" > /dev/null\nif [ $? != 0 ] ; then\n    # print error to STDERR\n    echo \"error: The sandbox is not in sync with the Podfile.lock. Run 'pod install' or update your CocoaPods installation.\" >&2\n    exit 1\nfi\n# This output is used by Xcode 'outputs' to avoid re-running this script phase.\necho \"SUCCESS\" > \"${SCRIPT_OUTPUT_FILE_0}\"\n";
			showEnvVarsInLog = 0;
		};
/* End PBXShellScriptBuildPhase section */

/* Begin PBXSourcesBuildPhase section */
		837DE17D21F6D0AE00E0B0E3 /* Sources */ = {
			isa = PBXSourcesBuildPhase;
			buildActionMask = 2147483647;
			files = (
				83531A9C21FB087E0055DA2F /* grid_box.swift in Sources */,
				8355194F21FE9C980092B2DB /* anthercolor.swift in Sources */,
				8386E3A022320C7B0037D36A /* readBookJson.swift in Sources */,
				83855E852211033D006C1ACC /* PeopleCell.swift in Sources */,
				83E017AA21F8613E00D5E87F /* YuanWenView.swift in Sources */,
				8310AC6C22263053008BF23E /* MenuController.swift in Sources */,
				837C51D9222F925B007B62FD /* test_2.swift in Sources */,
				83E017A221F8362800D5E87F /* BaseTableCon.swift in Sources */,
				83E017AC21F8625600D5E87F /* BookDetailView.swift in Sources */,
				8310AC59221F83E6008BF23E /* ChartCell.swift in Sources */,
				837DE18521F6D0AE00E0B0E3 /* AppDelegate.swift in Sources */,
				83F4690F21F7048C00BE6B0C /* Model.xcdatamodeld in Sources */,
				8310AC6622261F39008BF23E /* fangAndYuanwen.swift in Sources */,
				83403D44223A01300025360E /* bookpageCell.swift in Sources */,
				837C51CB222F7450007B62FD /* ConfigurableTableViewController.swift in Sources */,
				83C8B2C9220BC8850044CF4E /* CreatePeople.swift in Sources */,
				83531AA121FB32C00055DA2F /* DragandDrop.swift in Sources */,
				8310AC57221F7910008BF23E /* ChartFuncs.swift in Sources */,
				8310AC75222630FC008BF23E /* Extensions+UIView.swift in Sources */,
				8310AC7122263067008BF23E /* NewsItemsController.swift in Sources */,
				83855E8E221122E7006C1ACC /* PeopleZhengView.swift in Sources */,
				83855E872211126C006C1ACC /* peopleListview+UITableView.swift in Sources */,
				83C8B2C7220BC0810044CF4E /* peopleListview.swift in Sources */,
				837C51C9222F7450007B62FD /* CellConfigurator.swift in Sources */,
				8310AC5D22251E80008BF23E /* Test_zheng_con.swift in Sources */,
				83E017A421F8390600D5E87F /* BaseCell.swift in Sources */,
				83E017B121F871C700D5E87F /* LoveView.swift in Sources */,
				8310AC6B22263053008BF23E /* MenuCell.swift in Sources */,
				8355195921FFCF3D0092B2DB /* fangView.swift in Sources */,
				8386E399223205D90037D36A /* allBookview.swift in Sources */,
				837C51D4222F748A007B62FD /* ImageCellViewData.swift in Sources */,
				8310AC7222263067008BF23E /* SwipingController.swift in Sources */,
				837C51D5222F748A007B62FD /* ImageTableViewCell.swift in Sources */,
				8310AC5B2224E3DD008BF23E /* SearchFooter.swift in Sources */,
				83D459D52238DAAB00283ED4 /* YBAttributeTextTapForSwfit.swift in Sources */,
				8310AC6322253143008BF23E /* zhengMatchYaoView.swift in Sources */,
				83855E8C22112042006C1ACC /* Helpers.swift in Sources */,
				83E017A821F85B0300D5E87F /* ext.swift in Sources */,
				8310AC6122252854008BF23E /* zhengCell.swift in Sources */,
				837C51D2222F748A007B62FD /* TextTableViewCell.swift in Sources */,
				83892524220C45D2001E256B /* Core_DataManager.swift in Sources */,
				83E017B721F95C5900D5E87F /* coredataManager.swift in Sources */,
				837F29E721FD3194006EA74D /* yaoDetailView.swift in Sources */,
				8355194D21FE9BCF0092B2DB /* Chart1.swift in Sources */,
				83E017BD21F9BCD100D5E87F /* LoveList+CoreDataProperties.swift in Sources */,
				837C51CA222F7450007B62FD /* Updatable.swift in Sources */,
				83D459D32238D82F00283ED4 /* TranditionalChinese.swift in Sources */,
				8350099F2236511B00519C0D /* bookPageView.swift in Sources */,
				837C51D7222F7507007B62FD /* UITableViewCell+Margins.swift in Sources */,
				83855E8922111A0B006C1ACC /* PeopleInfoView.swift in Sources */,
				8350099D22364DB800519C0D /* eachBookView.swift in Sources */,
				83B675FB2262D04200B2F32B /* Yinyang_univers.swift in Sources */,
				837C51D3222F748A007B62FD /* TextCellViewData.swift in Sources */,
				83E017AF21F8673C00D5E87F /* fangDetailView.swift in Sources */,
				8310AC7322263067008BF23E /* MainCell.swift in Sources */,
				83E017BC21F9BCD100D5E87F /* LoveList+CoreDataClass.swift in Sources */,
				83E017A621F859BA00D5E87F /* collapsHeader.swift in Sources */,
				83531A9F21FB31000055DA2F /* GameListView.swift in Sources */,
				83E017A021F819FF00D5E87F /* Models.swift in Sources */,
			);
			runOnlyForDeploymentPostprocessing = 0;
		};
/* End PBXSourcesBuildPhase section */

/* Begin PBXVariantGroup section */
		837DE18D21F6D0AF00E0B0E3 /* LaunchScreen.storyboard */ = {
			isa = PBXVariantGroup;
			children = (
				837DE18E21F6D0AF00E0B0E3 /* Base */,
			);
			name = LaunchScreen.storyboard;
			sourceTree = "<group>";
		};
/* End PBXVariantGroup section */

/* Begin XCBuildConfiguration section */
		837DE19121F6D0AF00E0B0E3 /* Debug */ = {
			isa = XCBuildConfiguration;
			buildSettings = {
				ALWAYS_SEARCH_USER_PATHS = NO;
				CLANG_ANALYZER_NONNULL = YES;
				CLANG_ANALYZER_NUMBER_OBJECT_CONVERSION = YES_AGGRESSIVE;
				CLANG_CXX_LANGUAGE_STANDARD = "gnu++14";
				CLANG_CXX_LIBRARY = "libc++";
				CLANG_ENABLE_MODULES = YES;
				CLANG_ENABLE_OBJC_ARC = YES;
				CLANG_ENABLE_OBJC_WEAK = YES;
				CLANG_WARN_BLOCK_CAPTURE_AUTORELEASING = YES;
				CLANG_WARN_BOOL_CONVERSION = YES;
				CLANG_WARN_COMMA = YES;
				CLANG_WARN_CONSTANT_CONVERSION = YES;
				CLANG_WARN_DEPRECATED_OBJC_IMPLEMENTATIONS = YES;
				CLANG_WARN_DIRECT_OBJC_ISA_USAGE = YES_ERROR;
				CLANG_WARN_DOCUMENTATION_COMMENTS = YES;
				CLANG_WARN_EMPTY_BODY = YES;
				CLANG_WARN_ENUM_CONVERSION = YES;
				CLANG_WARN_INFINITE_RECURSION = YES;
				CLANG_WARN_INT_CONVERSION = YES;
				CLANG_WARN_NON_LITERAL_NULL_CONVERSION = YES;
				CLANG_WARN_OBJC_IMPLICIT_RETAIN_SELF = YES;
				CLANG_WARN_OBJC_LITERAL_CONVERSION = YES;
				CLANG_WARN_OBJC_ROOT_CLASS = YES_ERROR;
				CLANG_WARN_RANGE_LOOP_ANALYSIS = YES;
				CLANG_WARN_STRICT_PROTOTYPES = YES;
				CLANG_WARN_SUSPICIOUS_MOVE = YES;
				CLANG_WARN_UNGUARDED_AVAILABILITY = YES_AGGRESSIVE;
				CLANG_WARN_UNREACHABLE_CODE = YES;
				CLANG_WARN__DUPLICATE_METHOD_MATCH = YES;
				CODE_SIGN_IDENTITY = "iPhone Developer";
				COPY_PHASE_STRIP = NO;
				DEBUG_INFORMATION_FORMAT = dwarf;
				ENABLE_STRICT_OBJC_MSGSEND = YES;
				ENABLE_TESTABILITY = YES;
				GCC_C_LANGUAGE_STANDARD = gnu11;
				GCC_DYNAMIC_NO_PIC = NO;
				GCC_NO_COMMON_BLOCKS = YES;
				GCC_OPTIMIZATION_LEVEL = 0;
				GCC_PREPROCESSOR_DEFINITIONS = (
					"DEBUG=1",
					"$(inherited)",
				);
				GCC_WARN_64_TO_32_BIT_CONVERSION = YES;
				GCC_WARN_ABOUT_RETURN_TYPE = YES_ERROR;
				GCC_WARN_UNDECLARED_SELECTOR = YES;
				GCC_WARN_UNINITIALIZED_AUTOS = YES_AGGRESSIVE;
				GCC_WARN_UNUSED_FUNCTION = YES;
				GCC_WARN_UNUSED_VARIABLE = YES;
				IPHONEOS_DEPLOYMENT_TARGET = 12.1;
				MTL_ENABLE_DEBUG_INFO = INCLUDE_SOURCE;
				MTL_FAST_MATH = YES;
				ONLY_ACTIVE_ARCH = YES;
				SDKROOT = iphoneos;
				SWIFT_ACTIVE_COMPILATION_CONDITIONS = DEBUG;
				SWIFT_OPTIMIZATION_LEVEL = "-Onone";
			};
			name = Debug;
		};
		837DE19221F6D0AF00E0B0E3 /* Release */ = {
			isa = XCBuildConfiguration;
			buildSettings = {
				ALWAYS_SEARCH_USER_PATHS = NO;
				CLANG_ANALYZER_NONNULL = YES;
				CLANG_ANALYZER_NUMBER_OBJECT_CONVERSION = YES_AGGRESSIVE;
				CLANG_CXX_LANGUAGE_STANDARD = "gnu++14";
				CLANG_CXX_LIBRARY = "libc++";
				CLANG_ENABLE_MODULES = YES;
				CLANG_ENABLE_OBJC_ARC = YES;
				CLANG_ENABLE_OBJC_WEAK = YES;
				CLANG_WARN_BLOCK_CAPTURE_AUTORELEASING = YES;
				CLANG_WARN_BOOL_CONVERSION = YES;
				CLANG_WARN_COMMA = YES;
				CLANG_WARN_CONSTANT_CONVERSION = YES;
				CLANG_WARN_DEPRECATED_OBJC_IMPLEMENTATIONS = YES;
				CLANG_WARN_DIRECT_OBJC_ISA_USAGE = YES_ERROR;
				CLANG_WARN_DOCUMENTATION_COMMENTS = YES;
				CLANG_WARN_EMPTY_BODY = YES;
				CLANG_WARN_ENUM_CONVERSION = YES;
				CLANG_WARN_INFINITE_RECURSION = YES;
				CLANG_WARN_INT_CONVERSION = YES;
				CLANG_WARN_NON_LITERAL_NULL_CONVERSION = YES;
				CLANG_WARN_OBJC_IMPLICIT_RETAIN_SELF = YES;
				CLANG_WARN_OBJC_LITERAL_CONVERSION = YES;
				CLANG_WARN_OBJC_ROOT_CLASS = YES_ERROR;
				CLANG_WARN_RANGE_LOOP_ANALYSIS = YES;
				CLANG_WARN_STRICT_PROTOTYPES = YES;
				CLANG_WARN_SUSPICIOUS_MOVE = YES;
				CLANG_WARN_UNGUARDED_AVAILABILITY = YES_AGGRESSIVE;
				CLANG_WARN_UNREACHABLE_CODE = YES;
				CLANG_WARN__DUPLICATE_METHOD_MATCH = YES;
				CODE_SIGN_IDENTITY = "iPhone Developer";
				COPY_PHASE_STRIP = NO;
				DEBUG_INFORMATION_FORMAT = "dwarf-with-dsym";
				ENABLE_NS_ASSERTIONS = NO;
				ENABLE_STRICT_OBJC_MSGSEND = YES;
				GCC_C_LANGUAGE_STANDARD = gnu11;
				GCC_NO_COMMON_BLOCKS = YES;
				GCC_WARN_64_TO_32_BIT_CONVERSION = YES;
				GCC_WARN_ABOUT_RETURN_TYPE = YES_ERROR;
				GCC_WARN_UNDECLARED_SELECTOR = YES;
				GCC_WARN_UNINITIALIZED_AUTOS = YES_AGGRESSIVE;
				GCC_WARN_UNUSED_FUNCTION = YES;
				GCC_WARN_UNUSED_VARIABLE = YES;
				IPHONEOS_DEPLOYMENT_TARGET = 12.1;
				MTL_ENABLE_DEBUG_INFO = NO;
				MTL_FAST_MATH = YES;
				SDKROOT = iphoneos;
				SWIFT_COMPILATION_MODE = wholemodule;
				SWIFT_OPTIMIZATION_LEVEL = "-O";
				VALIDATE_PRODUCT = YES;
			};
			name = Release;
		};
		837DE19421F6D0AF00E0B0E3 /* Debug */ = {
			isa = XCBuildConfiguration;
			baseConfigurationReference = 884EFB556B88F4B493874E3B /* Pods-shanghanlun.debug.xcconfig */;
			buildSettings = {
				ASSETCATALOG_COMPILER_APPICON_NAME = AppIcon;
				CODE_SIGN_STYLE = Automatic;
				DEVELOPMENT_TEAM = 396WA53JNZ;
				INFOPLIST_FILE = shanghanlun/Info.plist;
				IPHONEOS_DEPLOYMENT_TARGET = 12.1;
				LD_RUNPATH_SEARCH_PATHS = (
					"$(inherited)",
					"@executable_path/Frameworks",
				);
				PRODUCT_BUNDLE_IDENTIFIER = Xuhuaapp.shanghan;
				PRODUCT_NAME = "$(TARGET_NAME)";
				SWIFT_VERSION = 5.0;
				TARGETED_DEVICE_FAMILY = "1,2";
			};
			name = Debug;
		};
		837DE19521F6D0AF00E0B0E3 /* Release */ = {
			isa = XCBuildConfiguration;
			baseConfigurationReference = F3777A4EE7A7A72F7059D03B /* Pods-shanghanlun.release.xcconfig */;
			buildSettings = {
				ASSETCATALOG_COMPILER_APPICON_NAME = AppIcon;
				CODE_SIGN_STYLE = Automatic;
				DEVELOPMENT_TEAM = 396WA53JNZ;
				INFOPLIST_FILE = shanghanlun/Info.plist;
				IPHONEOS_DEPLOYMENT_TARGET = 12.1;
				LD_RUNPATH_SEARCH_PATHS = (
					"$(inherited)",
					"@executable_path/Frameworks",
				);
				PRODUCT_BUNDLE_IDENTIFIER = Xuhuaapp.shanghan;
				PRODUCT_NAME = "$(TARGET_NAME)";
				SWIFT_VERSION = 5.0;
				TARGETED_DEVICE_FAMILY = "1,2";
			};
			name = Release;
		};
/* End XCBuildConfiguration section */

/* Begin XCConfigurationList section */
		837DE17C21F6D0AE00E0B0E3 /* Build configuration list for PBXProject "shanghanlun" */ = {
			isa = XCConfigurationList;
			buildConfigurations = (
				837DE19121F6D0AF00E0B0E3 /* Debug */,
				837DE19221F6D0AF00E0B0E3 /* Release */,
			);
			defaultConfigurationIsVisible = 0;
			defaultConfigurationName = Release;
		};
		837DE19321F6D0AF00E0B0E3 /* Build configuration list for PBXNativeTarget "shanghanlun" */ = {
			isa = XCConfigurationList;
			buildConfigurations = (
				837DE19421F6D0AF00E0B0E3 /* Debug */,
				837DE19521F6D0AF00E0B0E3 /* Release */,
			);
			defaultConfigurationIsVisible = 0;
			defaultConfigurationName = Release;
		};
/* End XCConfigurationList section */

/* Begin XCVersionGroup section */
		83F4690D21F7048C00BE6B0C /* Model.xcdatamodeld */ = {
			isa = XCVersionGroup;
			children = (
				83F4690E21F7048C00BE6B0C /* Model.xcdatamodel */,
			);
			currentVersion = 83F4690E21F7048C00BE6B0C /* Model.xcdatamodel */;
			path = Model.xcdatamodeld;
			sourceTree = "<group>";
			versionGroupType = wrapper.xcdatamodel;
		};
/* End XCVersionGroup section */
	};
	rootObject = 837DE17921F6D0AE00E0B0E3 /* Project object */;
}
